
Microsoft Visual Studio Solution File, Format Version 12.00
# Visual Studio Version 16
VisualStudioVersion = 16.0.33423.256
MinimumVisualStudioVersion = 10.0.40219.1
Project("{FAE04EC0-301F-11D3-BF4B-00C04F79EFBC}") = "bankApp(lists)", "bankApp(lists)\bankApp(lists).csproj", "{5E6577D1-BB72-4FA6-A81E-218A1C86F616}"
EndProject
Global
	GlobalSection(SolutionConfigurationPlatforms) = preSolution
		Debug|Any CPU = Debug|Any CPU
		Release|Any CPU = Release|Any CPU
	EndGlobalSection
	GlobalSection(ProjectConfigurationPlatforms) = postSolution
		{5E6577D1-BB72-4FA6-A81E-218A1C86F616}.Debug|Any CPU.ActiveCfg = Debug|Any CPU
		{5E6577D1-BB72-4FA6-A81E-218A1C86F616}.Debug|Any CPU.Build.0 = Debug|Any CPU
		{5E6577D1-BB72-4FA6-A81E-218A1C86F616}.Release|Any CPU.ActiveCfg = Release|Any CPU
		{5E6577D1-BB72-4FA6-A81E-218A1C86F616}.Release|Any CPU.Build.0 = Release|Any CPU
	EndGlobalSection
	GlobalSection(SolutionProperties) = preSolution
		HideSolutionNode = FALSE
	EndGlobalSection
	GlobalSection(ExtensibilityGlobals) = postSolution
		SolutionGuid = {4772F359-9C39-4C75-AE4B-F17E9E3F600A}
	EndGlobalSection
EndGlobal
