
Microsoft Visual Studio Solution File, Format Version 12.00
# Visual Studio Version 16
VisualStudioVersion = 16.0.33423.256
MinimumVisualStudioVersion = 10.0.40219.1
Project("{FAE04EC0-301F-11D3-BF4B-00C04F79EFBC}") = "PacManMaze", "PacManMaze\PacManMaze.csproj", "{077581EC-A1EB-4835-95D1-63BFB7A5A2A6}"
EndProject
Global
	GlobalSection(SolutionConfigurationPlatforms) = preSolution
		Debug|Any CPU = Debug|Any CPU
		Release|Any CPU = Release|Any CPU
	EndGlobalSection
	GlobalSection(ProjectConfigurationPlatforms) = postSolution
		{077581EC-A1EB-4835-95D1-63BFB7A5A2A6}.Debug|Any CPU.ActiveCfg = Debug|Any CPU
		{077581EC-A1EB-4835-95D1-63BFB7A5A2A6}.Debug|Any CPU.Build.0 = Debug|Any CPU
		{077581EC-A1EB-4835-95D1-63BFB7A5A2A6}.Release|Any CPU.ActiveCfg = Release|Any CPU
		{077581EC-A1EB-4835-95D1-63BFB7A5A2A6}.Release|Any CPU.Build.0 = Release|Any CPU
	EndGlobalSection
	GlobalSection(SolutionProperties) = preSolution
		HideSolutionNode = FALSE
	EndGlobalSection
	GlobalSection(ExtensibilityGlobals) = postSolution
		SolutionGuid = {045DF243-0280-4F9B-AE0A-A071CED266E5}
	EndGlobalSection
EndGlobal
