
Microsoft Visual Studio Solution File, Format Version 12.00
# Visual Studio Version 16
VisualStudioVersion = 16.0.33423.256
MinimumVisualStudioVersion = 10.0.40219.1
Project("{FAE04EC0-301F-11D3-BF4B-00C04F79EFBC}") = "tests", "tests\tests.csproj", "{BA73E651-9ED8-453C-8BBF-08CDFF0EFE8C}"
EndProject
Global
	GlobalSection(SolutionConfigurationPlatforms) = preSolution
		Debug|Any CPU = Debug|Any CPU
		Release|Any CPU = Release|Any CPU
	EndGlobalSection
	GlobalSection(ProjectConfigurationPlatforms) = postSolution
		{BA73E651-9ED8-453C-8BBF-08CDFF0EFE8C}.Debug|Any CPU.ActiveCfg = Debug|Any CPU
		{BA73E651-9ED8-453C-8BBF-08CDFF0EFE8C}.Debug|Any CPU.Build.0 = Debug|Any CPU
		{BA73E651-9ED8-453C-8BBF-08CDFF0EFE8C}.Release|Any CPU.ActiveCfg = Release|Any CPU
		{BA73E651-9ED8-453C-8BBF-08CDFF0EFE8C}.Release|Any CPU.Build.0 = Release|Any CPU
	EndGlobalSection
	GlobalSection(SolutionProperties) = preSolution
		HideSolutionNode = FALSE
	EndGlobalSection
	GlobalSection(ExtensibilityGlobals) = postSolution
		SolutionGuid = {BF85C3C0-E4EC-4D7C-AF9F-5DF5D7F7ECA2}
	EndGlobalSection
EndGlobal
