
Microsoft Visual Studio Solution File, Format Version 12.00
# Visual Studio Version 16
VisualStudioVersion = 16.0.33423.256
MinimumVisualStudioVersion = 10.0.40219.1
Project("{FAE04EC0-301F-11D3-BF4B-00C04F79EFBC}") = "BankApp(Inheritance)", "BankApp(Inheritance)\BankApp(Inheritance).csproj", "{CBE8CD6F-ED9D-4B4E-ABB8-8F23108CBBE4}"
EndProject
Global
	GlobalSection(SolutionConfigurationPlatforms) = preSolution
		Debug|Any CPU = Debug|Any CPU
		Release|Any CPU = Release|Any CPU
	EndGlobalSection
	GlobalSection(ProjectConfigurationPlatforms) = postSolution
		{CBE8CD6F-ED9D-4B4E-ABB8-8F23108CBBE4}.Debug|Any CPU.ActiveCfg = Debug|Any CPU
		{CBE8CD6F-ED9D-4B4E-ABB8-8F23108CBBE4}.Debug|Any CPU.Build.0 = Debug|Any CPU
		{CBE8CD6F-ED9D-4B4E-ABB8-8F23108CBBE4}.Release|Any CPU.ActiveCfg = Release|Any CPU
		{CBE8CD6F-ED9D-4B4E-ABB8-8F23108CBBE4}.Release|Any CPU.Build.0 = Release|Any CPU
	EndGlobalSection
	GlobalSection(SolutionProperties) = preSolution
		HideSolutionNode = FALSE
	EndGlobalSection
	GlobalSection(ExtensibilityGlobals) = postSolution
		SolutionGuid = {8C108F1A-1E69-4EF3-9BCA-B7875DDE3832}
	EndGlobalSection
EndGlobal
