
Microsoft Visual Studio Solution File, Format Version 12.00
# Visual Studio Version 16
VisualStudioVersion = 16.0.33423.256
MinimumVisualStudioVersion = 10.0.40219.1
Project("{FAE04EC0-301F-11D3-BF4B-00C04F79EFBC}") = "S2Week2", "S2Week2\S2Week2.csproj", "{208CF4E4-87A9-4E43-89C2-FDAEE9CDFC16}"
EndProject
Global
	GlobalSection(SolutionConfigurationPlatforms) = preSolution
		Debug|Any CPU = Debug|Any CPU
		Release|Any CPU = Release|Any CPU
	EndGlobalSection
	GlobalSection(ProjectConfigurationPlatforms) = postSolution
		{208CF4E4-87A9-4E43-89C2-FDAEE9CDFC16}.Debug|Any CPU.ActiveCfg = Debug|Any CPU
		{208CF4E4-87A9-4E43-89C2-FDAEE9CDFC16}.Debug|Any CPU.Build.0 = Debug|Any CPU
		{208CF4E4-87A9-4E43-89C2-FDAEE9CDFC16}.Release|Any CPU.ActiveCfg = Release|Any CPU
		{208CF4E4-87A9-4E43-89C2-FDAEE9CDFC16}.Release|Any CPU.Build.0 = Release|Any CPU
	EndGlobalSection
	GlobalSection(SolutionProperties) = preSolution
		HideSolutionNode = FALSE
	EndGlobalSection
	GlobalSection(ExtensibilityGlobals) = postSolution
		SolutionGuid = {00DE81AF-C513-4FA0-9DE9-14F73CA7AB9E}
	EndGlobalSection
EndGlobal
