
Microsoft Visual Studio Solution File, Format Version 12.00
# Visual Studio Version 16
VisualStudioVersion = 16.0.33423.256
MinimumVisualStudioVersion = 10.0.40219.1
Project("{FAE04EC0-301F-11D3-BF4B-00C04F79EFBC}") = "homeTask", "homeTask\homeTask.csproj", "{60926700-6F20-49B3-A0C4-5F7EA43E0592}"
EndProject
Global
	GlobalSection(SolutionConfigurationPlatforms) = preSolution
		Debug|Any CPU = Debug|Any CPU
		Release|Any CPU = Release|Any CPU
	EndGlobalSection
	GlobalSection(ProjectConfigurationPlatforms) = postSolution
		{60926700-6F20-49B3-A0C4-5F7EA43E0592}.Debug|Any CPU.ActiveCfg = Debug|Any CPU
		{60926700-6F20-49B3-A0C4-5F7EA43E0592}.Debug|Any CPU.Build.0 = Debug|Any CPU
		{60926700-6F20-49B3-A0C4-5F7EA43E0592}.Release|Any CPU.ActiveCfg = Release|Any CPU
		{60926700-6F20-49B3-A0C4-5F7EA43E0592}.Release|Any CPU.Build.0 = Release|Any CPU
	EndGlobalSection
	GlobalSection(SolutionProperties) = preSolution
		HideSolutionNode = FALSE
	EndGlobalSection
	GlobalSection(ExtensibilityGlobals) = postSolution
		SolutionGuid = {DC8B3DD3-026C-4089-BD90-5A6A2841523A}
	EndGlobalSection
EndGlobal
