
Microsoft Visual Studio Solution File, Format Version 12.00
# Visual Studio Version 16
VisualStudioVersion = 16.0.33423.256
MinimumVisualStudioVersion = 10.0.40219.1
Project("{FAE04EC0-301F-11D3-BF4B-00C04F79EFBC}") = "BankApp(3_Tier_Classes)", "BankApp(3_Tier_Classes)\BankApp(3_Tier_Classes).csproj", "{047CD377-3EA2-4E07-A7AE-1A206E773F50}"
EndProject
Global
	GlobalSection(SolutionConfigurationPlatforms) = preSolution
		Debug|Any CPU = Debug|Any CPU
		Release|Any CPU = Release|Any CPU
	EndGlobalSection
	GlobalSection(ProjectConfigurationPlatforms) = postSolution
		{047CD377-3EA2-4E07-A7AE-1A206E773F50}.Debug|Any CPU.ActiveCfg = Debug|Any CPU
		{047CD377-3EA2-4E07-A7AE-1A206E773F50}.Debug|Any CPU.Build.0 = Debug|Any CPU
		{047CD377-3EA2-4E07-A7AE-1A206E773F50}.Release|Any CPU.ActiveCfg = Release|Any CPU
		{047CD377-3EA2-4E07-A7AE-1A206E773F50}.Release|Any CPU.Build.0 = Release|Any CPU
	EndGlobalSection
	GlobalSection(SolutionProperties) = preSolution
		HideSolutionNode = FALSE
	EndGlobalSection
	GlobalSection(ExtensibilityGlobals) = postSolution
		SolutionGuid = {BF3F699C-BB72-4146-8084-83B5FA81961E}
	EndGlobalSection
EndGlobal
