
Microsoft Visual Studio Solution File, Format Version 12.00
# Visual Studio Version 16
VisualStudioVersion = 16.0.33423.256
MinimumVisualStudioVersion = 10.0.40219.1
Project("{FAE04EC0-301F-11D3-BF4B-00C04F79EFBC}") = "S2 week 2 Challenge 1", "S2 week 2 Challenge 1\S2 week 2 Challenge 1.csproj", "{3701AFB4-B4D6-47A9-84F7-8C09DA483344}"
EndProject
Global
	GlobalSection(SolutionConfigurationPlatforms) = preSolution
		Debug|Any CPU = Debug|Any CPU
		Release|Any CPU = Release|Any CPU
	EndGlobalSection
	GlobalSection(ProjectConfigurationPlatforms) = postSolution
		{3701AFB4-B4D6-47A9-84F7-8C09DA483344}.Debug|Any CPU.ActiveCfg = Debug|Any CPU
		{3701AFB4-B4D6-47A9-84F7-8C09DA483344}.Debug|Any CPU.Build.0 = Debug|Any CPU
		{3701AFB4-B4D6-47A9-84F7-8C09DA483344}.Release|Any CPU.ActiveCfg = Release|Any CPU
		{3701AFB4-B4D6-47A9-84F7-8C09DA483344}.Release|Any CPU.Build.0 = Release|Any CPU
	EndGlobalSection
	GlobalSection(SolutionProperties) = preSolution
		HideSolutionNode = FALSE
	EndGlobalSection
	GlobalSection(ExtensibilityGlobals) = postSolution
		SolutionGuid = {0DDF61E7-F8DA-42DB-9B65-0C1DFC55E28C}
	EndGlobalSection
EndGlobal
